
Microsoft Visual Studio Solution File, Format Version 12.00
# Visual Studio Version 17
VisualStudioVersion = 17.6.33723.286
MinimumVisualStudioVersion = 10.0.40219.1
Project("{F2A71F9B-5D33-465A-A702-920D77279786}") = "Assignment10", "Assignment10\Assignment10.fsproj", "{07945F0C-767B-497E-99DE-F00244C6EFCC}"
EndProject
Global
	GlobalSection(SolutionConfigurationPlatforms) = preSolution
		Debug|Any CPU = Debug|Any CPU
		Release|Any CPU = Release|Any CPU
	EndGlobalSection
	GlobalSection(ProjectConfigurationPlatforms) = postSolution
		{07945F0C-767B-497E-99DE-F00244C6EFCC}.Debug|Any CPU.ActiveCfg = Debug|Any CPU
		{07945F0C-767B-497E-99DE-F00244C6EFCC}.Debug|Any CPU.Build.0 = Debug|Any CPU
		{07945F0C-767B-497E-99DE-F00244C6EFCC}.Release|Any CPU.ActiveCfg = Release|Any CPU
		{07945F0C-767B-497E-99DE-F00244C6EFCC}.Release|Any CPU.Build.0 = Release|Any CPU
	EndGlobalSection
	GlobalSection(SolutionProperties) = preSolution
		HideSolutionNode = FALSE
	EndGlobalSection
	GlobalSection(ExtensibilityGlobals) = postSolution
		SolutionGuid = {BC2E4DFF-AE50-4D4B-8263-A277F0DD0970}
	EndGlobalSection
EndGlobal
