
Microsoft Visual Studio Solution File, Format Version 12.00
Project("{F2A71F9B-5D33-465A-A702-920D77279786}") = "Assignment07", "Assignment07\Assignment07.fsproj", "{9743DA3C-7DC6-4BC5-98A6-CD3569CFD7B6}"
EndProject
Global
	GlobalSection(SolutionConfigurationPlatforms) = preSolution
		Debug|Any CPU = Debug|Any CPU
		Release|Any CPU = Release|Any CPU
	EndGlobalSection
	GlobalSection(ProjectConfigurationPlatforms) = postSolution
		{9743DA3C-7DC6-4BC5-98A6-CD3569CFD7B6}.Debug|Any CPU.ActiveCfg = Debug|Any CPU
		{9743DA3C-7DC6-4BC5-98A6-CD3569CFD7B6}.Debug|Any CPU.Build.0 = Debug|Any CPU
		{9743DA3C-7DC6-4BC5-98A6-CD3569CFD7B6}.Release|Any CPU.ActiveCfg = Release|Any CPU
		{9743DA3C-7DC6-4BC5-98A6-CD3569CFD7B6}.Release|Any CPU.Build.0 = Release|Any CPU
	EndGlobalSection
EndGlobal
