
Microsoft Visual Studio Solution File, Format Version 12.00
# Visual Studio Version 17
VisualStudioVersion = 17.6.33723.286
MinimumVisualStudioVersion = 10.0.40219.1
Project("{F2A71F9B-5D33-465A-A702-920D77279786}") = "BPRD-01-XXX-YYY-ZZZ", "BPRD-01-XXX-YYY-ZZZ\BPRD-01-XXX-YYY-ZZZ.fsproj", "{FE1331C9-FEB3-4725-A080-E041FB12A0C3}"
EndProject
Global
	GlobalSection(SolutionConfigurationPlatforms) = preSolution
		Debug|Any CPU = Debug|Any CPU
		Release|Any CPU = Release|Any CPU
	EndGlobalSection
	GlobalSection(ProjectConfigurationPlatforms) = postSolution
		{FE1331C9-FEB3-4725-A080-E041FB12A0C3}.Debug|Any CPU.ActiveCfg = Debug|Any CPU
		{FE1331C9-FEB3-4725-A080-E041FB12A0C3}.Debug|Any CPU.Build.0 = Debug|Any CPU
		{FE1331C9-FEB3-4725-A080-E041FB12A0C3}.Release|Any CPU.ActiveCfg = Release|Any CPU
		{FE1331C9-FEB3-4725-A080-E041FB12A0C3}.Release|Any CPU.Build.0 = Release|Any CPU
	EndGlobalSection
	GlobalSection(SolutionProperties) = preSolution
		HideSolutionNode = FALSE
	EndGlobalSection
	GlobalSection(ExtensibilityGlobals) = postSolution
		SolutionGuid = {38C91EC6-1437-4EF7-A6CA-0775FF85C86B}
	EndGlobalSection
EndGlobal
